
Microsoft Visual Studio Solution File, Format Version 12.00
# Visual Studio Version 17
VisualStudioVersion = 17.1.32421.90
MinimumVisualStudioVersion = 10.0.40219.1
Project("{00D1A9C2-B5F0-4AF3-8072-F6C62B433612}") = "sqlstatscentral", "sqlstatscentral.sqlproj", "{3FAE1E1A-3421-4459-B205-BE6DA37AE4EA}"
EndProject
Global
	GlobalSection(SolutionConfigurationPlatforms) = preSolution
		Debug|Any CPU = Debug|Any CPU
		Release|Any CPU = Release|Any CPU
	EndGlobalSection
	GlobalSection(ProjectConfigurationPlatforms) = postSolution
		{3FAE1E1A-3421-4459-B205-BE6DA37AE4EA}.Debug|Any CPU.ActiveCfg = Debug|Any CPU
		{3FAE1E1A-3421-4459-B205-BE6DA37AE4EA}.Debug|Any CPU.Build.0 = Debug|Any CPU
		{3FAE1E1A-3421-4459-B205-BE6DA37AE4EA}.Debug|Any CPU.Deploy.0 = Debug|Any CPU
		{3FAE1E1A-3421-4459-B205-BE6DA37AE4EA}.Release|Any CPU.ActiveCfg = Release|Any CPU
		{3FAE1E1A-3421-4459-B205-BE6DA37AE4EA}.Release|Any CPU.Build.0 = Release|Any CPU
		{3FAE1E1A-3421-4459-B205-BE6DA37AE4EA}.Release|Any CPU.Deploy.0 = Release|Any CPU
	EndGlobalSection
	GlobalSection(SolutionProperties) = preSolution
		HideSolutionNode = FALSE
	EndGlobalSection
	GlobalSection(ExtensibilityGlobals) = postSolution
		SolutionGuid = {DD9D8DA0-7E4E-49EF-95CD-D5B5ADD10CA4}
	EndGlobalSection
EndGlobal
